github.com/adityatelange/hugo-PaperMod v0.0.0-20260109161122-6c5a8f6b055c h1:aHN8p1KeE6aVHkBS4Jc/c28q8biynTolUzj3Ta4sPRc=
github.com/adityatelange/hugo-PaperMod v0.0.0-20260109161122-6c5a8f6b055c/go.mod h1:HCHxNMKYdGafUYjVV3ICiAqznZK2yH0iI53jqcDFDdQ=
github.com/martignoni/hugo-notice v0.0.0-20250320135530-d7e24b0222d4 h1:rrCIACq6uJVIVqQNSBNukxW4KbH/Hv9VN3nfLbYwClI=
github.com/martignoni/hugo-notice v0.0.0-20250320135530-d7e24b0222d4/go.mod h1:MIQPOMgEcbyRC0gNLzQFSgrS+wIy3RuQ/HbaZYtTOKU=
